// !$*UTF8*$!
{
	archiveVersion = 1;
	classes = {
	};
	objectVersion = 51;
	objects = {

/* Begin PBXBuildFile section */
		2760409259B9046926097BEB /* Pods_ChatApp.framework in Frameworks */ = {isa = PBXBuildFile; fileRef = BE35443C7C4FAAC3860EBBCA /* Pods_ChatApp.framework */; };
		4759A0A9261F852C00228968 /* LogInViewController.swift in Sources */ = {isa = PBXBuildFile; fileRef = 4759A0A8261F852C00228968 /* LogInViewController.swift */; };
		4759A0AE261F878D00228968 /* HomeViewController.swift in Sources */ = {isa = PBXBuildFile; fileRef = 4759A0AD261F878D00228968 /* HomeViewController.swift */; };
		4759A0B6261F8D7600228968 /* Main.storyboard in Resources */ = {isa = PBXBuildFile; fileRef = 4759A0B5261F8D7600228968 /* Main.storyboard */; };
		475C4663261C093800B042CF /* AppDelegate.swift in Sources */ = {isa = PBXBuildFile; fileRef = 475C4662261C093800B042CF /* AppDelegate.swift */; };
		475C4665261C093800B042CF /* SceneDelegate.swift in Sources */ = {isa = PBXBuildFile; fileRef = 475C4664261C093800B042CF /* SceneDelegate.swift */; };
		475C466C261C093900B042CF /* Assets.xcassets in Resources */ = {isa = PBXBuildFile; fileRef = 475C466B261C093900B042CF /* Assets.xcassets */; };
		475C466F261C093900B042CF /* LaunchScreen.storyboard in Resources */ = {isa = PBXBuildFile; fileRef = 475C466D261C093900B042CF /* LaunchScreen.storyboard */; };
		475C467A261C093900B042CF /* ChatAppTests.swift in Sources */ = {isa = PBXBuildFile; fileRef = 475C4679261C093900B042CF /* ChatAppTests.swift */; };
		475C4685261C093900B042CF /* ChatAppUITests.swift in Sources */ = {isa = PBXBuildFile; fileRef = 475C4684261C093900B042CF /* ChatAppUITests.swift */; };
		47B1E25826253C8300C10E63 /* CreateViewController.swift in Sources */ = {isa = PBXBuildFile; fileRef = 47B1E25726253C8300C10E63 /* CreateViewController.swift */; };
/* End PBXBuildFile section */

/* Begin PBXContainerItemProxy section */
		475C4676261C093900B042CF /* PBXContainerItemProxy */ = {
			isa = PBXContainerItemProxy;
			containerPortal = 475C4657261C093800B042CF /* Project object */;
			proxyType = 1;
			remoteGlobalIDString = 475C465E261C093800B042CF;
			remoteInfo = ChatApp;
		};
		475C4681261C093900B042CF /* PBXContainerItemProxy */ = {
			isa = PBXContainerItemProxy;
			containerPortal = 475C4657261C093800B042CF /* Project object */;
			proxyType = 1;
			remoteGlobalIDString = 475C465E261C093800B042CF;
			remoteInfo = ChatApp;
		};
/* End PBXContainerItemProxy section */

/* Begin PBXFileReference section */
		4759A0A8261F852C00228968 /* LogInViewController.swift */ = {isa = PBXFileReference; lastKnownFileType = sourcecode.swift; path = LogInViewController.swift; sourceTree = "<group>"; };
		4759A0AD261F878D00228968 /* HomeViewController.swift */ = {isa = PBXFileReference; lastKnownFileType = sourcecode.swift; path = HomeViewController.swift; sourceTree = "<group>"; };
		4759A0B5261F8D7600228968 /* Main.storyboard */ = {isa = PBXFileReference; fileEncoding = 4; lastKnownFileType = file.storyboard; name = Main.storyboard; path = ../../../../../.Trash/Main.storyboard; sourceTree = "<group>"; };
		475C465F261C093800B042CF /* ChatApp.app */ = {isa = PBXFileReference; explicitFileType = wrapper.application; includeInIndex = 0; path = ChatApp.app; sourceTree = BUILT_PRODUCTS_DIR; };
		475C4662261C093800B042CF /* AppDelegate.swift */ = {isa = PBXFileReference; lastKnownFileType = sourcecode.swift; path = AppDelegate.swift; sourceTree = "<group>"; };
		475C4664261C093800B042CF /* SceneDelegate.swift */ = {isa = PBXFileReference; lastKnownFileType = sourcecode.swift; path = SceneDelegate.swift; sourceTree = "<group>"; };
		475C466B261C093900B042CF /* Assets.xcassets */ = {isa = PBXFileReference; lastKnownFileType = folder.assetcatalog; path = Assets.xcassets; sourceTree = "<group>"; };
		475C466E261C093900B042CF /* Base */ = {isa = PBXFileReference; lastKnownFileType = file.storyboard; name = Base; path = Base.lproj/LaunchScreen.storyboard; sourceTree = "<group>"; };
		475C4670261C093900B042CF /* Info.plist */ = {isa = PBXFileReference; lastKnownFileType = text.plist.xml; path = Info.plist; sourceTree = "<group>"; };
		475C4675261C093900B042CF /* ChatAppTests.xctest */ = {isa = PBXFileReference; explicitFileType = wrapper.cfbundle; includeInIndex = 0; path = ChatAppTests.xctest; sourceTree = BUILT_PRODUCTS_DIR; };
		475C4679261C093900B042CF /* ChatAppTests.swift */ = {isa = PBXFileReference; lastKnownFileType = sourcecode.swift; path = ChatAppTests.swift; sourceTree = "<group>"; };
		475C467B261C093900B042CF /* Info.plist */ = {isa = PBXFileReference; lastKnownFileType = text.plist.xml; path = Info.plist; sourceTree = "<group>"; };
		475C4680261C093900B042CF /* ChatAppUITests.xctest */ = {isa = PBXFileReference; explicitFileType = wrapper.cfbundle; includeInIndex = 0; path = ChatAppUITests.xctest; sourceTree = BUILT_PRODUCTS_DIR; };
		475C4684261C093900B042CF /* ChatAppUITests.swift */ = {isa = PBXFileReference; lastKnownFileType = sourcecode.swift; path = ChatAppUITests.swift; sourceTree = "<group>"; };
		475C4686261C093900B042CF /* Info.plist */ = {isa = PBXFileReference; lastKnownFileType = text.plist.xml; path = Info.plist; sourceTree = "<group>"; };
		47B1E25726253C8300C10E63 /* CreateViewController.swift */ = {isa = PBXFileReference; lastKnownFileType = sourcecode.swift; path = CreateViewController.swift; sourceTree = "<group>"; };
		781242EF9CA685C20CC72E62 /* Pods-ChatApp.release.xcconfig */ = {isa = PBXFileReference; includeInIndex = 1; lastKnownFileType = text.xcconfig; name = "Pods-ChatApp.release.xcconfig"; path = "Target Support Files/Pods-ChatApp/Pods-ChatApp.release.xcconfig"; sourceTree = "<group>"; };
		BE35443C7C4FAAC3860EBBCA /* Pods_ChatApp.framework */ = {isa = PBXFileReference; explicitFileType = wrapper.framework; includeInIndex = 0; path = Pods_ChatApp.framework; sourceTree = BUILT_PRODUCTS_DIR; };
		FB570936E0F50625607B0E60 /* Pods-ChatApp.debug.xcconfig */ = {isa = PBXFileReference; includeInIndex = 1; lastKnownFileType = text.xcconfig; name = "Pods-ChatApp.debug.xcconfig"; path = "Target Support Files/Pods-ChatApp/Pods-ChatApp.debug.xcconfig"; sourceTree = "<group>"; };
/* End PBXFileReference section */

/* Begin PBXFrameworksBuildPhase section */
		475C465C261C093800B042CF /* Frameworks */ = {
			isa = PBXFrameworksBuildPhase;
			buildActionMask = 2147483647;
			files = (
				2760409259B9046926097BEB /* Pods_ChatApp.framework in Frameworks */,
			);
			runOnlyForDeploymentPostprocessing = 0;
		};
		475C4672261C093900B042CF /* Frameworks */ = {
			isa = PBXFrameworksBuildPhase;
			buildActionMask = 2147483647;
			files = (
			);
			runOnlyForDeploymentPostprocessing = 0;
		};
		475C467D261C093900B042CF /* Frameworks */ = {
			isa = PBXFrameworksBuildPhase;
			buildActionMask = 2147483647;
			files = (
			);
			runOnlyForDeploymentPostprocessing = 0;
		};
/* End PBXFrameworksBuildPhase section */

/* Begin PBXGroup section */
		475C4656261C093800B042CF = {
			isa = PBXGroup;
			children = (
				475C4661261C093800B042CF /* ChatApp */,
				475C4678261C093900B042CF /* ChatAppTests */,
				475C4683261C093900B042CF /* ChatAppUITests */,
				475C4660261C093800B042CF /* Products */,
				6E0E43D0F6A7F84090677AC2 /* Pods */,
				EB287D436A7CC58D30A59F01 /* Frameworks */,
			);
			sourceTree = "<group>";
		};
		475C4660261C093800B042CF /* Products */ = {
			isa = PBXGroup;
			children = (
				475C465F261C093800B042CF /* ChatApp.app */,
				475C4675261C093900B042CF /* ChatAppTests.xctest */,
				475C4680261C093900B042CF /* ChatAppUITests.xctest */,
			);
			name = Products;
			sourceTree = "<group>";
		};
		475C4661261C093800B042CF /* ChatApp */ = {
			isa = PBXGroup;
			children = (
				475C4662261C093800B042CF /* AppDelegate.swift */,
				475C4664261C093800B042CF /* SceneDelegate.swift */,
				475C466B261C093900B042CF /* Assets.xcassets */,
				475C466D261C093900B042CF /* LaunchScreen.storyboard */,
				475C4670261C093900B042CF /* Info.plist */,
				4759A0B5261F8D7600228968 /* Main.storyboard */,
				4759A0A8261F852C00228968 /* LogInViewController.swift */,
				4759A0AD261F878D00228968 /* HomeViewController.swift */,
				47B1E25726253C8300C10E63 /* CreateViewController.swift */,
			);
			path = ChatApp;
			sourceTree = "<group>";
		};
		475C4678261C093900B042CF /* ChatAppTests */ = {
			isa = PBXGroup;
			children = (
				475C4679261C093900B042CF /* ChatAppTests.swift */,
				475C467B261C093900B042CF /* Info.plist */,
			);
			path = ChatAppTests;
			sourceTree = "<group>";
		};
		475C4683261C093900B042CF /* ChatAppUITests */ = {
			isa = PBXGroup;
			children = (
				475C4684261C093900B042CF /* ChatAppUITests.swift */,
				475C4686261C093900B042CF /* Info.plist */,
			);
			path = ChatAppUITests;
			sourceTree = "<group>";
		};
		6E0E43D0F6A7F84090677AC2 /* Pods */ = {
			isa = PBXGroup;
			children = (
				FB570936E0F50625607B0E60 /* Pods-ChatApp.debug.xcconfig */,
				781242EF9CA685C20CC72E62 /* Pods-ChatApp.release.xcconfig */,
			);
			path = Pods;
			sourceTree = "<group>";
		};
		EB287D436A7CC58D30A59F01 /* Frameworks */ = {
			isa = PBXGroup;
			children = (
				BE35443C7C4FAAC3860EBBCA /* Pods_ChatApp.framework */,
			);
			name = Frameworks;
			sourceTree = "<group>";
		};
/* End PBXGroup section */

/* Begin PBXNativeTarget section */
		475C465E261C093800B042CF /* ChatApp */ = {
			isa = PBXNativeTarget;
			buildConfigurationList = 475C4689261C093900B042CF /* Build configuration list for PBXNativeTarget "ChatApp" */;
			buildPhases = (
				3F056C6ECC2BB5C9713F2124 /* [CP] Check Pods Manifest.lock */,
				475C465B261C093800B042CF /* Sources */,
				475C465C261C093800B042CF /* Frameworks */,
				475C465D261C093800B042CF /* Resources */,
				608797B14D7BD11816707E11 /* [CP] Embed Pods Frameworks */,
			);
			buildRules = (
			);
			dependencies = (
			);
			name = ChatApp;
			productName = ChatApp;
			productReference = 475C465F261C093800B042CF /* ChatApp.app */;
			productType = "com.apple.product-type.application";
		};
		475C4674261C093900B042CF /* ChatAppTests */ = {
			isa = PBXNativeTarget;
			buildConfigurationList = 475C468C261C093900B042CF /* Build configuration list for PBXNativeTarget "ChatAppTests" */;
			buildPhases = (
				475C4671261C093900B042CF /* Sources */,
				475C4672261C093900B042CF /* Frameworks */,
				475C4673261C093900B042CF /* Resources */,
			);
			buildRules = (
			);
			dependencies = (
				475C4677261C093900B042CF /* PBXTargetDependency */,
			);
			name = ChatAppTests;
			productName = ChatAppTests;
			productReference = 475C4675261C093900B042CF /* ChatAppTests.xctest */;
			productType = "com.apple.product-type.bundle.unit-test";
		};
		475C467F261C093900B042CF /* ChatAppUITests */ = {
			isa = PBXNativeTarget;
			buildConfigurationList = 475C468F261C093900B042CF /* Build configuration list for PBXNativeTarget "ChatAppUITests" */;
			buildPhases = (
				475C467C261C093900B042CF /* Sources */,
				475C467D261C093900B042CF /* Frameworks */,
				475C467E261C093900B042CF /* Resources */,
			);
			buildRules = (
			);
			dependencies = (
				475C4682261C093900B042CF /* PBXTargetDependency */,
			);
			name = ChatAppUITests;
			productName = ChatAppUITests;
			productReference = 475C4680261C093900B042CF /* ChatAppUITests.xctest */;
			productType = "com.apple.product-type.bundle.ui-testing";
		};
/* End PBXNativeTarget section */

/* Begin PBXProject section */
		475C4657261C093800B042CF /* Project object */ = {
			isa = PBXProject;
			attributes = {
				LastSwiftUpdateCheck = 1240;
				LastUpgradeCheck = 1240;
				TargetAttributes = {
					475C465E261C093800B042CF = {
						CreatedOnToolsVersion = 12.4;
					};
					475C4674261C093900B042CF = {
						CreatedOnToolsVersion = 12.4;
						TestTargetID = 475C465E261C093800B042CF;
					};
					475C467F261C093900B042CF = {
						CreatedOnToolsVersion = 12.4;
						TestTargetID = 475C465E261C093800B042CF;
					};
				};
			};
			buildConfigurationList = 475C465A261C093800B042CF /* Build configuration list for PBXProject "ChatApp" */;
			compatibilityVersion = "Xcode 9.3";
			developmentRegion = en;
			hasScannedForEncodings = 0;
			knownRegions = (
				en,
				Base,
			);
			mainGroup = 475C4656261C093800B042CF;
			productRefGroup = 475C4660261C093800B042CF /* Products */;
			projectDirPath = "";
			projectRoot = "";
			targets = (
				475C465E261C093800B042CF /* ChatApp */,
				475C4674261C093900B042CF /* ChatAppTests */,
				475C467F261C093900B042CF /* ChatAppUITests */,
			);
		};
/* End PBXProject section */

/* Begin PBXResourcesBuildPhase section */
		475C465D261C093800B042CF /* Resources */ = {
			isa = PBXResourcesBuildPhase;
			buildActionMask = 2147483647;
			files = (
				4759A0B6261F8D7600228968 /* Main.storyboard in Resources */,
				475C466F261C093900B042CF /* LaunchScreen.storyboard in Resources */,
				475C466C261C093900B042CF /* Assets.xcassets in Resources */,
			);
			runOnlyForDeploymentPostprocessing = 0;
		};
		475C4673261C093900B042CF /* Resources */ = {
			isa = PBXResourcesBuildPhase;
			buildActionMask = 2147483647;
			files = (
			);
			runOnlyForDeploymentPostprocessing = 0;
		};
		475C467E261C093900B042CF /* Resources */ = {
			isa = PBXResourcesBuildPhase;
			buildActionMask = 2147483647;
			files = (
			);
			runOnlyForDeploymentPostprocessing = 0;
		};
/* End PBXResourcesBuildPhase section */

/* Begin PBXShellScriptBuildPhase section */
		3F056C6ECC2BB5C9713F2124 /* [CP] Check Pods Manifest.lock */ = {
			isa = PBXShellScriptBuildPhase;
			buildActionMask = 2147483647;
			files = (
			);
			inputFileListPaths = (
			);
			inputPaths = (
				"${PODS_PODFILE_DIR_PATH}/Podfile.lock",
				"${PODS_ROOT}/Manifest.lock",
			);
			name = "[CP] Check Pods Manifest.lock";
			outputFileListPaths = (
			);
			outputPaths = (
				"$(DERIVED_FILE_DIR)/Pods-ChatApp-checkManifestLockResult.txt",
			);
			runOnlyForDeploymentPostprocessing = 0;
			shellPath = /bin/sh;
			shellScript = "diff \"${PODS_PODFILE_DIR_PATH}/Podfile.lock\" \"${PODS_ROOT}/Manifest.lock\" > /dev/null\nif [ $? != 0 ] ; then\n    # print error to STDERR\n    echo \"error: The sandbox is not in sync with the Podfile.lock. Run 'pod install' or update your CocoaPods installation.\" >&2\n    exit 1\nfi\n# This output is used by Xcode 'outputs' to avoid re-running this script phase.\necho \"SUCCESS\" > \"${SCRIPT_OUTPUT_FILE_0}\"\n";
			showEnvVarsInLog = 0;
		};
		608797B14D7BD11816707E11 /* [CP] Embed Pods Frameworks */ = {
			isa = PBXShellScriptBuildPhase;
			buildActionMask = 2147483647;
			files = (
			);
			inputFileListPaths = (
				"${PODS_ROOT}/Target Support Files/Pods-ChatApp/Pods-ChatApp-frameworks-${CONFIGURATION}-input-files.xcfilelist",
			);
			name = "[CP] Embed Pods Frameworks";
			outputFileListPaths = (
				"${PODS_ROOT}/Target Support Files/Pods-ChatApp/Pods-ChatApp-frameworks-${CONFIGURATION}-output-files.xcfilelist",
			);
			runOnlyForDeploymentPostprocessing = 0;
			shellPath = /bin/sh;
			shellScript = "\"${PODS_ROOT}/Target Support Files/Pods-ChatApp/Pods-ChatApp-frameworks.sh\"\n";
			showEnvVarsInLog = 0;
		};
/* End PBXShellScriptBuildPhase section */

/* Begin PBXSourcesBuildPhase section */
		475C465B261C093800B042CF /* Sources */ = {
			isa = PBXSourcesBuildPhase;
			buildActionMask = 2147483647;
			files = (
				47B1E25826253C8300C10E63 /* CreateViewController.swift in Sources */,
				475C4663261C093800B042CF /* AppDelegate.swift in Sources */,
				475C4665261C093800B042CF /* SceneDelegate.swift in Sources */,
				4759A0A9261F852C00228968 /* LogInViewController.swift in Sources */,
				4759A0AE261F878D00228968 /* HomeViewController.swift in Sources */,
			);
			runOnlyForDeploymentPostprocessing = 0;
		};
		475C4671261C093900B042CF /* Sources */ = {
			isa = PBXSourcesBuildPhase;
			buildActionMask = 2147483647;
			files = (
				475C467A261C093900B042CF /* ChatAppTests.swift in Sources */,
			);
			runOnlyForDeploymentPostprocessing = 0;
		};
		475C467C261C093900B042CF /* Sources */ = {
			isa = PBXSourcesBuildPhase;
			buildActionMask = 2147483647;
			files = (
				475C4685261C093900B042CF /* ChatAppUITests.swift in Sources */,
			);
			runOnlyForDeploymentPostprocessing = 0;
		};
/* End PBXSourcesBuildPhase section */

/* Begin PBXTargetDependency section */
		475C4677261C093900B042CF /* PBXTargetDependency */ = {
			isa = PBXTargetDependency;
			target = 475C465E261C093800B042CF /* ChatApp */;
			targetProxy = 475C4676261C093900B042CF /* PBXContainerItemProxy */;
		};
		475C4682261C093900B042CF /* PBXTargetDependency */ = {
			isa = PBXTargetDependency;
			target = 475C465E261C093800B042CF /* ChatApp */;
			targetProxy = 475C4681261C093900B042CF /* PBXContainerItemProxy */;
		};
/* End PBXTargetDependency section */

/* Begin PBXVariantGroup section */
		475C466D261C093900B042CF /* LaunchScreen.storyboard */ = {
			isa = PBXVariantGroup;
			children = (
				475C466E261C093900B042CF /* Base */,
			);
			name = LaunchScreen.storyboard;
			sourceTree = "<group>";
		};
/* End PBXVariantGroup section */

/* Begin XCBuildConfiguration section */
		475C4687261C093900B042CF /* Debug */ = {
			isa = XCBuildConfiguration;
			buildSettings = {
				ALWAYS_SEARCH_USER_PATHS = NO;
				CLANG_ANALYZER_NONNULL = YES;
				CLANG_ANALYZER_NUMBER_OBJECT_CONVERSION = YES_AGGRESSIVE;
				CLANG_CXX_LANGUAGE_STANDARD = "gnu++14";
				CLANG_CXX_LIBRARY = "libc++";
				CLANG_ENABLE_MODULES = YES;
				CLANG_ENABLE_OBJC_ARC = YES;
				CLANG_ENABLE_OBJC_WEAK = YES;
				CLANG_WARN_BLOCK_CAPTURE_AUTORELEASING = YES;
				CLANG_WARN_BOOL_CONVERSION = YES;
				CLANG_WARN_COMMA = YES;
				CLANG_WARN_CONSTANT_CONVERSION = YES;
				CLANG_WARN_DEPRECATED_OBJC_IMPLEMENTATIONS = YES;
				CLANG_WARN_DIRECT_OBJC_ISA_USAGE = YES_ERROR;
				CLANG_WARN_DOCUMENTATION_COMMENTS = YES;
				CLANG_WARN_EMPTY_BODY = YES;
				CLANG_WARN_ENUM_CONVERSION = YES;
				CLANG_WARN_INFINITE_RECURSION = YES;
				CLANG_WARN_INT_CONVERSION = YES;
				CLANG_WARN_NON_LITERAL_NULL_CONVERSION = YES;
				CLANG_WARN_OBJC_IMPLICIT_RETAIN_SELF = YES;
				CLANG_WARN_OBJC_LITERAL_CONVERSION = YES;
				CLANG_WARN_OBJC_ROOT_CLASS = YES_ERROR;
				CLANG_WARN_QUOTED_INCLUDE_IN_FRAMEWORK_HEADER = YES;
				CLANG_WARN_RANGE_LOOP_ANALYSIS = YES;
				CLANG_WARN_STRICT_PROTOTYPES = YES;
				CLANG_WARN_SUSPICIOUS_MOVE = YES;
				CLANG_WARN_UNGUARDED_AVAILABILITY = YES_AGGRESSIVE;
				CLANG_WARN_UNREACHABLE_CODE = YES;
				CLANG_WARN__DUPLICATE_METHOD_MATCH = YES;
				COPY_PHASE_STRIP = NO;
				DEBUG_INFORMATION_FORMAT = dwarf;
				ENABLE_STRICT_OBJC_MSGSEND = YES;
				ENABLE_TESTABILITY = YES;
				GCC_C_LANGUAGE_STANDARD = gnu11;
				GCC_DYNAMIC_NO_PIC = NO;
				GCC_NO_COMMON_BLOCKS = YES;
				GCC_OPTIMIZATION_LEVEL = 0;
				GCC_PREPROCESSOR_DEFINITIONS = (
					"DEBUG=1",
					"$(inherited)",
				);
				GCC_WARN_64_TO_32_BIT_CONVERSION = YES;
				GCC_WARN_ABOUT_RETURN_TYPE = YES_ERROR;
				GCC_WARN_UNDECLARED_SELECTOR = YES;
				GCC_WARN_UNINITIALIZED_AUTOS = YES_AGGRESSIVE;
				GCC_WARN_UNUSED_FUNCTION = YES;
				GCC_WARN_UNUSED_VARIABLE = YES;
				IPHONEOS_DEPLOYMENT_TARGET = 14.4;
				MTL_ENABLE_DEBUG_INFO = INCLUDE_SOURCE;
				MTL_FAST_MATH = YES;
				ONLY_ACTIVE_ARCH = YES;
				SDKROOT = iphoneos;
				SWIFT_ACTIVE_COMPILATION_CONDITIONS = DEBUG;
				SWIFT_OPTIMIZATION_LEVEL = "-Onone";
			};
			name = Debug;
		};
		475C4688261C093900B042CF /* Release */ = {
			isa = XCBuildConfiguration;
			buildSettings = {
				ALWAYS_SEARCH_USER_PATHS = NO;
				CLANG_ANALYZER_NONNULL = YES;
				CLANG_ANALYZER_NUMBER_OBJECT_CONVERSION = YES_AGGRESSIVE;
				CLANG_CXX_LANGUAGE_STANDARD = "gnu++14";
				CLANG_CXX_LIBRARY = "libc++";
				CLANG_ENABLE_MODULES = YES;
				CLANG_ENABLE_OBJC_ARC = YES;
				CLANG_ENABLE_OBJC_WEAK = YES;
				CLANG_WARN_BLOCK_CAPTURE_AUTORELEASING = YES;
				CLANG_WARN_BOOL_CONVERSION = YES;
				CLANG_WARN_COMMA = YES;
				CLANG_WARN_CONSTANT_CONVERSION = YES;
				CLANG_WARN_DEPRECATED_OBJC_IMPLEMENTATIONS = YES;
				CLANG_WARN_DIRECT_OBJC_ISA_USAGE = YES_ERROR;
				CLANG_WARN_DOCUMENTATION_COMMENTS = YES;
				CLANG_WARN_EMPTY_BODY = YES;
				CLANG_WARN_ENUM_CONVERSION = YES;
				CLANG_WARN_INFINITE_RECURSION = YES;
				CLANG_WARN_INT_CONVERSION = YES;
				CLANG_WARN_NON_LITERAL_NULL_CONVERSION = YES;
				CLANG_WARN_OBJC_IMPLICIT_RETAIN_SELF = YES;
				CLANG_WARN_OBJC_LITERAL_CONVERSION = YES;
				CLANG_WARN_OBJC_ROOT_CLASS = YES_ERROR;
				CLANG_WARN_QUOTED_INCLUDE_IN_FRAMEWORK_HEADER = YES;
				CLANG_WARN_RANGE_LOOP_ANALYSIS = YES;
				CLANG_WARN_STRICT_PROTOTYPES = YES;
				CLANG_WARN_SUSPICIOUS_MOVE = YES;
				CLANG_WARN_UNGUARDED_AVAILABILITY = YES_AGGRESSIVE;
				CLANG_WARN_UNREACHABLE_CODE = YES;
				CLANG_WARN__DUPLICATE_METHOD_MATCH = YES;
				COPY_PHASE_STRIP = NO;
				DEBUG_INFORMATION_FORMAT = "dwarf-with-dsym";
				ENABLE_NS_ASSERTIONS = NO;
				ENABLE_STRICT_OBJC_MSGSEND = YES;
				GCC_C_LANGUAGE_STANDARD = gnu11;
				GCC_NO_COMMON_BLOCKS = YES;
				GCC_WARN_64_TO_32_BIT_CONVERSION = YES;
				GCC_WARN_ABOUT_RETURN_TYPE = YES_ERROR;
				GCC_WARN_UNDECLARED_SELECTOR = YES;
				GCC_WARN_UNINITIALIZED_AUTOS = YES_AGGRESSIVE;
				GCC_WARN_UNUSED_FUNCTION = YES;
				GCC_WARN_UNUSED_VARIABLE = YES;
				IPHONEOS_DEPLOYMENT_TARGET = 14.4;
				MTL_ENABLE_DEBUG_INFO = NO;
				MTL_FAST_MATH = YES;
				SDKROOT = iphoneos;
				SWIFT_COMPILATION_MODE = wholemodule;
				SWIFT_OPTIMIZATION_LEVEL = "-O";
				VALIDATE_PRODUCT = YES;
			};
			name = Release;
		};
		475C468A261C093900B042CF /* Debug */ = {
			isa = XCBuildConfiguration;
			baseConfigurationReference = FB570936E0F50625607B0E60 /* Pods-ChatApp.debug.xcconfig */;
			buildSettings = {
				ASSETCATALOG_COMPILER_APPICON_NAME = AppIcon;
				ASSETCATALOG_COMPILER_GLOBAL_ACCENT_COLOR_NAME = AccentColor;
				CODE_SIGN_STYLE = Automatic;
				INFOPLIST_FILE = ChatApp/Info.plist;
				LD_RUNPATH_SEARCH_PATHS = (
					"$(inherited)",
					"@executable_path/Frameworks",
				);
				PRODUCT_BUNDLE_IDENTIFIER = hvillasin.ChatApp;
				PRODUCT_NAME = "$(TARGET_NAME)";
				SWIFT_VERSION = 5.0;
				TARGETED_DEVICE_FAMILY = "1,2";
			};
			name = Debug;
		};
		475C468B261C093900B042CF /* Release */ = {
			isa = XCBuildConfiguration;
			baseConfigurationReference = 781242EF9CA685C20CC72E62 /* Pods-ChatApp.release.xcconfig */;
			buildSettings = {
				ASSETCATALOG_COMPILER_APPICON_NAME = AppIcon;
				ASSETCATALOG_COMPILER_GLOBAL_ACCENT_COLOR_NAME = AccentColor;
				CODE_SIGN_STYLE = Automatic;
				INFOPLIST_FILE = ChatApp/Info.plist;
				LD_RUNPATH_SEARCH_PATHS = (
					"$(inherited)",
					"@executable_path/Frameworks",
				);
				PRODUCT_BUNDLE_IDENTIFIER = hvillasin.ChatApp;
				PRODUCT_NAME = "$(TARGET_NAME)";
				SWIFT_VERSION = 5.0;
				TARGETED_DEVICE_FAMILY = "1,2";
			};
			name = Release;
		};
		475C468D261C093900B042CF /* Debug */ = {
			isa = XCBuildConfiguration;
			buildSettings = {
				ALWAYS_EMBED_SWIFT_STANDARD_LIBRARIES = YES;
				BUNDLE_LOADER = "$(TEST_HOST)";
				CODE_SIGN_STYLE = Automatic;
				INFOPLIST_FILE = ChatAppTests/Info.plist;
				IPHONEOS_DEPLOYMENT_TARGET = 14.4;
				LD_RUNPATH_SEARCH_PATHS = (
					"$(inherited)",
					"@executable_path/Frameworks",
					"@loader_path/Frameworks",
				);
				PRODUCT_BUNDLE_IDENTIFIER = hvillasin.ChatAppTests;
				PRODUCT_NAME = "$(TARGET_NAME)";
				SWIFT_VERSION = 5.0;
				TARGETED_DEVICE_FAMILY = "1,2";
				TEST_HOST = "$(BUILT_PRODUCTS_DIR)/ChatApp.app/ChatApp";
			};
			name = Debug;
		};
		475C468E261C093900B042CF /* Release */ = {
			isa = XCBuildConfiguration;
			buildSettings = {
				ALWAYS_EMBED_SWIFT_STANDARD_LIBRARIES = YES;
				BUNDLE_LOADER = "$(TEST_HOST)";
				CODE_SIGN_STYLE = Automatic;
				INFOPLIST_FILE = ChatAppTests/Info.plist;
				IPHONEOS_DEPLOYMENT_TARGET = 14.4;
				LD_RUNPATH_SEARCH_PATHS = (
					"$(inherited)",
					"@executable_path/Frameworks",
					"@loader_path/Frameworks",
				);
				PRODUCT_BUNDLE_IDENTIFIER = hvillasin.ChatAppTests;
				PRODUCT_NAME = "$(TARGET_NAME)";
				SWIFT_VERSION = 5.0;
				TARGETED_DEVICE_FAMILY = "1,2";
				TEST_HOST = "$(BUILT_PRODUCTS_DIR)/ChatApp.app/ChatApp";
			};
			name = Release;
		};
		475C4690261C093900B042CF /* Debug */ = {
			isa = XCBuildConfiguration;
			buildSettings = {
				ALWAYS_EMBED_SWIFT_STANDARD_LIBRARIES = YES;
				CODE_SIGN_STYLE = Automatic;
				INFOPLIST_FILE = ChatAppUITests/Info.plist;
				LD_RUNPATH_SEARCH_PATHS = (
					"$(inherited)",
					"@executable_path/Frameworks",
					"@loader_path/Frameworks",
				);
				PRODUCT_BUNDLE_IDENTIFIER = hvillasin.ChatAppUITests;
				PRODUCT_NAME = "$(TARGET_NAME)";
				SWIFT_VERSION = 5.0;
				TARGETED_DEVICE_FAMILY = "1,2";
				TEST_TARGET_NAME = ChatApp;
			};
			name = Debug;
		};
		475C4691261C093900B042CF /* Release */ = {
			isa = XCBuildConfiguration;
			buildSettings = {
				ALWAYS_EMBED_SWIFT_STANDARD_LIBRARIES = YES;
				CODE_SIGN_STYLE = Automatic;
				INFOPLIST_FILE = ChatAppUITests/Info.plist;
				LD_RUNPATH_SEARCH_PATHS = (
					"$(inherited)",
					"@executable_path/Frameworks",
					"@loader_path/Frameworks",
				);
				PRODUCT_BUNDLE_IDENTIFIER = hvillasin.ChatAppUITests;
				PRODUCT_NAME = "$(TARGET_NAME)";
				SWIFT_VERSION = 5.0;
				TARGETED_DEVICE_FAMILY = "1,2";
				TEST_TARGET_NAME = ChatApp;
			};
			name = Release;
		};
/* End XCBuildConfiguration section */

/* Begin XCConfigurationList section */
		475C465A261C093800B042CF /* Build configuration list for PBXProject "ChatApp" */ = {
			isa = XCConfigurationList;
			buildConfigurations = (
				475C4687261C093900B042CF /* Debug */,
				475C4688261C093900B042CF /* Release */,
			);
			defaultConfigurationIsVisible = 0;
			defaultConfigurationName = Release;
		};
		475C4689261C093900B042CF /* Build configuration list for PBXNativeTarget "ChatApp" */ = {
			isa = XCConfigurationList;
			buildConfigurations = (
				475C468A261C093900B042CF /* Debug */,
				475C468B261C093900B042CF /* Release */,
			);
			defaultConfigurationIsVisible = 0;
			defaultConfigurationName = Release;
		};
		475C468C261C093900B042CF /* Build configuration list for PBXNativeTarget "ChatAppTests" */ = {
			isa = XCConfigurationList;
			buildConfigurations = (
				475C468D261C093900B042CF /* Debug */,
				475C468E261C093900B042CF /* Release */,
			);
			defaultConfigurationIsVisible = 0;
			defaultConfigurationName = Release;
		};
		475C468F261C093900B042CF /* Build configuration list for PBXNativeTarget "ChatAppUITests" */ = {
			isa = XCConfigurationList;
			buildConfigurations = (
				475C4690261C093900B042CF /* Debug */,
				475C4691261C093900B042CF /* Release */,
			);
			defaultConfigurationIsVisible = 0;
			defaultConfigurationName = Release;
		};
/* End XCConfigurationList section */
	};
	rootObject = 475C4657261C093800B042CF /* Project object */;
}
